
Microsoft Visual Studio Solution File, Format Version 12.00
# Visual Studio Version 17
VisualStudioVersion = 17.2.32630.192
MinimumVisualStudioVersion = 10.0.40219.1
Project("{FAE04EC0-301F-11D3-BF4B-00C04F79EFBC}") = "TestMyPackageLab_3", "TestMyPackageLab_3\TestMyPackageLab_3.csproj", "{178C5FE3-C792-48EB-9544-EEC3B2C507A3}"
EndProject
Global
	GlobalSection(SolutionConfigurationPlatforms) = preSolution
		Debug|Any CPU = Debug|Any CPU
		Release|Any CPU = Release|Any CPU
	EndGlobalSection
	GlobalSection(ProjectConfigurationPlatforms) = postSolution
		{178C5FE3-C792-48EB-9544-EEC3B2C507A3}.Debug|Any CPU.ActiveCfg = Debug|Any CPU
		{178C5FE3-C792-48EB-9544-EEC3B2C507A3}.Debug|Any CPU.Build.0 = Debug|Any CPU
		{178C5FE3-C792-48EB-9544-EEC3B2C507A3}.Release|Any CPU.ActiveCfg = Release|Any CPU
		{178C5FE3-C792-48EB-9544-EEC3B2C507A3}.Release|Any CPU.Build.0 = Release|Any CPU
	EndGlobalSection
	GlobalSection(SolutionProperties) = preSolution
		HideSolutionNode = FALSE
	EndGlobalSection
	GlobalSection(ExtensibilityGlobals) = postSolution
		SolutionGuid = {E80E191B-FC1B-435C-955E-B02F3FCCFD6D}
	EndGlobalSection
EndGlobal
